{
	"name": "wemotoo-common",
	"version": "1.0.0",
	"lockfileVersion": 2,
	"requires": true,
	"packages": {
		"": {
			"name": "wemotoo-common",
			"version": "1.0.0",
			"license": "ISC",
			"dependencies": {
				"@types/node": "^22.14.0",
				"date-fns": "^4.1.0"
			},
			"devDependencies": {
				"@types/bun": "latest",
				"typescript": "^5.8.2"
			},
			"peerDependencies": {
				"typescript": "^5.8.2"
			}
		},
		"node_modules/@types/bun": {
			"version": "1.2.8",
			"resolved": "https://registry.npmjs.org/@types/bun/-/bun-1.2.8.tgz",
			"integrity": "sha512-t8L1RvJVUghW5V+M/fL3Thbxcs0HwNsXsnTEBEfEVqGteiJToOlZ/fyOEaR1kZsNqnu+3XA4RI/qmnX4w6+S+w==",
			"dev": true,
			"dependencies": {
				"bun-types": "1.2.7"
			}
		},
		"node_modules/@types/node": {
			"version": "22.14.0",
			"license": "MIT",
			"dependencies": {
				"undici-types": "~6.21.0"
			}
		},
		"node_modules/@types/ws": {
			"version": "8.18.0",
			"dev": true,
			"license": "MIT",
			"dependencies": {
				"@types/node": "*"
			}
		},
		"node_modules/@types/ws/node_modules/@types/node": {
			"version": "22.13.14",
			"dev": true,
			"license": "MIT",
			"dependencies": {
				"undici-types": "~6.20.0"
			}
		},
		"node_modules/@types/ws/node_modules/@types/node/node_modules/undici-types": {
			"version": "6.20.0",
			"dev": true,
			"license": "MIT"
		},
		"node_modules/bun-types": {
			"version": "1.2.7",
			"dev": true,
			"license": "MIT",
			"dependencies": {
				"@types/node": "*",
				"@types/ws": "*"
			}
		},
		"node_modules/bun-types/node_modules/@types/node": {
			"version": "22.13.14",
			"dev": true,
			"license": "MIT",
			"dependencies": {
				"undici-types": "~6.20.0"
			}
		},
		"node_modules/bun-types/node_modules/@types/node/node_modules/undici-types": {
			"version": "6.20.0",
			"dev": true,
			"license": "MIT"
		},
		"node_modules/date-fns": {
			"version": "4.1.0",
			"resolved": "https://registry.npmjs.org/date-fns/-/date-fns-4.1.0.tgz",
			"integrity": "sha512-Ukq0owbQXxa/U3EGtsdVBkR1w7KOQ5gIBqdH2hkvknzZPYvBxb/aa6E8L7tmjFtkwZBu3UXBbjIgPo/Ez4xaNg==",
			"funding": {
				"type": "github",
				"url": "https://github.com/sponsors/kossnocorp"
			}
		},
		"node_modules/typescript": {
			"version": "5.8.2",
			"dev": true,
			"license": "Apache-2.0",
			"bin": {
				"tsc": "bin/tsc",
				"tsserver": "bin/tsserver"
			},
			"engines": {
				"node": ">=14.17"
			}
		},
		"node_modules/undici-types": {
			"version": "6.21.0",
			"license": "MIT"
		}
	},
	"dependencies": {
		"@types/bun": {
			"version": "1.2.8",
			"resolved": "https://registry.npmjs.org/@types/bun/-/bun-1.2.8.tgz",
			"integrity": "sha512-t8L1RvJVUghW5V+M/fL3Thbxcs0HwNsXsnTEBEfEVqGteiJToOlZ/fyOEaR1kZsNqnu+3XA4RI/qmnX4w6+S+w==",
			"dev": true,
			"requires": {
				"bun-types": "1.2.7"
			}
		},
		"@types/node": {
			"version": "22.14.0",
			"requires": {
				"undici-types": "~6.21.0"
			}
		},
		"@types/ws": {
			"version": "8.18.0",
			"dev": true,
			"requires": {
				"@types/node": "*"
			},
			"dependencies": {
				"@types/node": {
					"version": "22.13.14",
					"dev": true,
					"requires": {
						"undici-types": "~6.20.0"
					},
					"dependencies": {
						"undici-types": {
							"version": "6.20.0",
							"dev": true
						}
					}
				}
			}
		},
		"bun-types": {
			"version": "1.2.7",
			"dev": true,
			"requires": {
				"@types/node": "*",
				"@types/ws": "*"
			},
			"dependencies": {
				"@types/node": {
					"version": "22.13.14",
					"dev": true,
					"requires": {
						"undici-types": "~6.20.0"
					},
					"dependencies": {
						"undici-types": {
							"version": "6.20.0",
							"dev": true
						}
					}
				}
			}
		},
		"date-fns": {
			"version": "4.1.0",
			"resolved": "https://registry.npmjs.org/date-fns/-/date-fns-4.1.0.tgz",
			"integrity": "sha512-Ukq0owbQXxa/U3EGtsdVBkR1w7KOQ5gIBqdH2hkvknzZPYvBxb/aa6E8L7tmjFtkwZBu3UXBbjIgPo/Ez4xaNg=="
		},
		"typescript": {
			"version": "5.8.2",
			"dev": true
		},
		"undici-types": {
			"version": "6.21.0"
		}
	}
}
